
Microsoft Visual Studio Solution File, Format Version 12.00
# Visual Studio Version 17
VisualStudioVersion = 17.6.33723.286
MinimumVisualStudioVersion = 10.0.40219.1
Project("{FAE04EC0-301F-11D3-BF4B-00C04F79EFBC}") = "DempAPI", "DempAPI\DempAPI.csproj", "{44390C3E-D728-4B6D-8379-D989CE873425}"
EndProject
Global
	GlobalSection(SolutionConfigurationPlatforms) = preSolution
		Debug|Any CPU = Debug|Any CPU
		Release|Any CPU = Release|Any CPU
	EndGlobalSection
	GlobalSection(ProjectConfigurationPlatforms) = postSolution
		{44390C3E-D728-4B6D-8379-D989CE873425}.Debug|Any CPU.ActiveCfg = Debug|Any CPU
		{44390C3E-D728-4B6D-8379-D989CE873425}.Debug|Any CPU.Build.0 = Debug|Any CPU
		{44390C3E-D728-4B6D-8379-D989CE873425}.Release|Any CPU.ActiveCfg = Release|Any CPU
		{44390C3E-D728-4B6D-8379-D989CE873425}.Release|Any CPU.Build.0 = Release|Any CPU
	EndGlobalSection
	GlobalSection(SolutionProperties) = preSolution
		HideSolutionNode = FALSE
	EndGlobalSection
	GlobalSection(ExtensibilityGlobals) = postSolution
		SolutionGuid = {C05DDB8A-076C-4ADE-B45D-BCD94BB64843}
	EndGlobalSection
EndGlobal
